// !$*UTF8*$!
{
	archiveVersion = 1;
	classes = {
	};
	objectVersion = 56;
	objects = {

/* Begin PBXBuildFile section */
		E8B251AC2D7F78A600FA4115 /* ImageViewerVC.swift in Sources */ = {isa = PBXBuildFile; fileRef = E8B251AA2D7F78A600FA4115 /* ImageViewerVC.swift */; };
		E8B251AD2D7F78A600FA4115 /* ImageViewerVC.xib in Resources */ = {isa = PBXBuildFile; fileRef = E8B251AB2D7F78A600FA4115 /* ImageViewerVC.xib */; };
		E8B360122D7EEB1F00C12407 /* User.swift in Sources */ = {isa = PBXBuildFile; fileRef = E8B360112D7EEB1F00C12407 /* User.swift */; };
		E8B360142D7EEB3200C12407 /* Album.swift in Sources */ = {isa = PBXBuildFile; fileRef = E8B360132D7EEB3200C12407 /* Album.swift */; };
		E8B360162D7EEB4100C12407 /* Photo.swift in Sources */ = {isa = PBXBuildFile; fileRef = E8B360152D7EEB4100C12407 /* Photo.swift */; };
		E8B3601A2D7EEB7200C12407 /* ProfileViewModel.swift in Sources */ = {isa = PBXBuildFile; fileRef = E8B360192D7EEB7200C12407 /* ProfileViewModel.swift */; };
		E8B3601C2D7EEB9100C12407 /* AlbumViewModel.swift in Sources */ = {isa = PBXBuildFile; fileRef = E8B3601B2D7EEB9100C12407 /* AlbumViewModel.swift */; };
		E8B360202D7EEC3200C12407 /* APIService.swift in Sources */ = {isa = PBXBuildFile; fileRef = E8B3601F2D7EEC3200C12407 /* APIService.swift */; };
		E8B360292D7EF51D00C12407 /* APIEndpoints.swift in Sources */ = {isa = PBXBuildFile; fileRef = E8B360282D7EF51D00C12407 /* APIEndpoints.swift */; };
		E8B3602B2D7EFC8900C12407 /* APIServiceManager.swift in Sources */ = {isa = PBXBuildFile; fileRef = E8B3602A2D7EFC8900C12407 /* APIServiceManager.swift */; };
		E8B360352D7F08CE00C12407 /* Moya in Frameworks */ = {isa = PBXBuildFile; productRef = E8B360342D7F08CE00C12407 /* Moya */; };
		E8B360372D7F08CE00C12407 /* ReactiveMoya in Frameworks */ = {isa = PBXBuildFile; productRef = E8B360362D7F08CE00C12407 /* ReactiveMoya */; };
		E8B360392D7F08CE00C12407 /* RxMoya in Frameworks */ = {isa = PBXBuildFile; productRef = E8B360382D7F08CE00C12407 /* RxMoya */; };
		E8B3603C2D7F090800C12407 /* RxCocoa in Frameworks */ = {isa = PBXBuildFile; productRef = E8B3603B2D7F090800C12407 /* RxCocoa */; };
		E8B3603E2D7F090800C12407 /* RxRelay in Frameworks */ = {isa = PBXBuildFile; productRef = E8B3603D2D7F090800C12407 /* RxRelay */; };
		E8B360442D7F15D100C12407 /* SDWebImage in Frameworks */ = {isa = PBXBuildFile; productRef = E8B360432D7F15D100C12407 /* SDWebImage */; };
		E8B360462D7F15D100C12407 /* SDWebImageMapKit in Frameworks */ = {isa = PBXBuildFile; productRef = E8B360452D7F15D100C12407 /* SDWebImageMapKit */; };
		E8D70DBA2D7E3AB00053FD0C /* AppDelegate.swift in Sources */ = {isa = PBXBuildFile; fileRef = E8D70DB92D7E3AB00053FD0C /* AppDelegate.swift */; };
		E8D70DBC2D7E3AB00053FD0C /* SceneDelegate.swift in Sources */ = {isa = PBXBuildFile; fileRef = E8D70DBB2D7E3AB00053FD0C /* SceneDelegate.swift */; };
		E8D70DC32D7E3AB10053FD0C /* Assets.xcassets in Resources */ = {isa = PBXBuildFile; fileRef = E8D70DC22D7E3AB10053FD0C /* Assets.xcassets */; };
		E8D70DC62D7E3AB10053FD0C /* Base in Resources */ = {isa = PBXBuildFile; fileRef = E8D70DC52D7E3AB10053FD0C /* Base */; };
		E8D70DD62D7E426D0053FD0C /* ProfileViewController.swift in Sources */ = {isa = PBXBuildFile; fileRef = E8D70DD42D7E426D0053FD0C /* ProfileViewController.swift */; };
		E8D70DD72D7E426D0053FD0C /* ProfileViewController.xib in Resources */ = {isa = PBXBuildFile; fileRef = E8D70DD52D7E426D0053FD0C /* ProfileViewController.xib */; };
		E8D70DDD2D7E4D4B0053FD0C /* AlbumTableViewCell.swift in Sources */ = {isa = PBXBuildFile; fileRef = E8D70DDB2D7E4D4B0053FD0C /* AlbumTableViewCell.swift */; };
		E8D70DDE2D7E4D4B0053FD0C /* AlbumTableViewCell.xib in Resources */ = {isa = PBXBuildFile; fileRef = E8D70DDC2D7E4D4B0053FD0C /* AlbumTableViewCell.xib */; };
		E8D70DE42D7E55A10053FD0C /* AlbumDetailsViewController.swift in Sources */ = {isa = PBXBuildFile; fileRef = E8D70DE22D7E55A10053FD0C /* AlbumDetailsViewController.swift */; };
		E8D70DE52D7E55A10053FD0C /* AlbumDetailsViewController.xib in Resources */ = {isa = PBXBuildFile; fileRef = E8D70DE32D7E55A10053FD0C /* AlbumDetailsViewController.xib */; };
		E8D70DE72D7E5A4C0053FD0C /* AlbumDetailsViewController+CollectionView.swift in Sources */ = {isa = PBXBuildFile; fileRef = E8D70DE62D7E5A4C0053FD0C /* AlbumDetailsViewController+CollectionView.swift */; };
		E8D70DEA2D7E5AE70053FD0C /* PhotoCollectionViewCell.swift in Sources */ = {isa = PBXBuildFile; fileRef = E8D70DE82D7E5AE70053FD0C /* PhotoCollectionViewCell.swift */; };
		E8D70DEB2D7E5AE70053FD0C /* PhotoCollectionViewCell.xib in Resources */ = {isa = PBXBuildFile; fileRef = E8D70DE92D7E5AE70053FD0C /* PhotoCollectionViewCell.xib */; };
		E8D70DED2D7E5CAD0053FD0C /* AlbumDetailsViewController+SearchBar.swift in Sources */ = {isa = PBXBuildFile; fileRef = E8D70DEC2D7E5CAD0053FD0C /* AlbumDetailsViewController+SearchBar.swift */; };
/* End PBXBuildFile section */

/* Begin PBXFileReference section */
		E8B251AA2D7F78A600FA4115 /* ImageViewerVC.swift */ = {isa = PBXFileReference; lastKnownFileType = sourcecode.swift; path = ImageViewerVC.swift; sourceTree = "<group>"; };
		E8B251AB2D7F78A600FA4115 /* ImageViewerVC.xib */ = {isa = PBXFileReference; lastKnownFileType = file.xib; path = ImageViewerVC.xib; sourceTree = "<group>"; };
		E8B360112D7EEB1F00C12407 /* User.swift */ = {isa = PBXFileReference; lastKnownFileType = sourcecode.swift; path = User.swift; sourceTree = "<group>"; };
		E8B360132D7EEB3200C12407 /* Album.swift */ = {isa = PBXFileReference; lastKnownFileType = sourcecode.swift; path = Album.swift; sourceTree = "<group>"; };
		E8B360152D7EEB4100C12407 /* Photo.swift */ = {isa = PBXFileReference; lastKnownFileType = sourcecode.swift; path = Photo.swift; sourceTree = "<group>"; };
		E8B360192D7EEB7200C12407 /* ProfileViewModel.swift */ = {isa = PBXFileReference; lastKnownFileType = sourcecode.swift; path = ProfileViewModel.swift; sourceTree = "<group>"; };
		E8B3601B2D7EEB9100C12407 /* AlbumViewModel.swift */ = {isa = PBXFileReference; lastKnownFileType = sourcecode.swift; path = AlbumViewModel.swift; sourceTree = "<group>"; };
		E8B3601F2D7EEC3200C12407 /* APIService.swift */ = {isa = PBXFileReference; lastKnownFileType = sourcecode.swift; path = APIService.swift; sourceTree = "<group>"; };
		E8B360282D7EF51D00C12407 /* APIEndpoints.swift */ = {isa = PBXFileReference; lastKnownFileType = sourcecode.swift; path = APIEndpoints.swift; sourceTree = "<group>"; };
		E8B3602A2D7EFC8900C12407 /* APIServiceManager.swift */ = {isa = PBXFileReference; lastKnownFileType = sourcecode.swift; path = APIServiceManager.swift; sourceTree = "<group>"; };
		E8D70DB62D7E3AB00053FD0C /* BostaTask.app */ = {isa = PBXFileReference; explicitFileType = wrapper.application; includeInIndex = 0; path = BostaTask.app; sourceTree = BUILT_PRODUCTS_DIR; };
		E8D70DB92D7E3AB00053FD0C /* AppDelegate.swift */ = {isa = PBXFileReference; lastKnownFileType = sourcecode.swift; path = AppDelegate.swift; sourceTree = "<group>"; };
		E8D70DBB2D7E3AB00053FD0C /* SceneDelegate.swift */ = {isa = PBXFileReference; lastKnownFileType = sourcecode.swift; path = SceneDelegate.swift; sourceTree = "<group>"; };
		E8D70DC22D7E3AB10053FD0C /* Assets.xcassets */ = {isa = PBXFileReference; lastKnownFileType = folder.assetcatalog; path = Assets.xcassets; sourceTree = "<group>"; };
		E8D70DC52D7E3AB10053FD0C /* Base */ = {isa = PBXFileReference; lastKnownFileType = file.storyboard; name = Base; path = Base.lproj/LaunchScreen.storyboard; sourceTree = "<group>"; };
		E8D70DC72D7E3AB10053FD0C /* Info.plist */ = {isa = PBXFileReference; lastKnownFileType = text.plist.xml; path = Info.plist; sourceTree = "<group>"; };
		E8D70DD42D7E426D0053FD0C /* ProfileViewController.swift */ = {isa = PBXFileReference; lastKnownFileType = sourcecode.swift; path = ProfileViewController.swift; sourceTree = "<group>"; };
		E8D70DD52D7E426D0053FD0C /* ProfileViewController.xib */ = {isa = PBXFileReference; lastKnownFileType = file.xib; path = ProfileViewController.xib; sourceTree = "<group>"; };
		E8D70DDB2D7E4D4B0053FD0C /* AlbumTableViewCell.swift */ = {isa = PBXFileReference; lastKnownFileType = sourcecode.swift; path = AlbumTableViewCell.swift; sourceTree = "<group>"; };
		E8D70DDC2D7E4D4B0053FD0C /* AlbumTableViewCell.xib */ = {isa = PBXFileReference; lastKnownFileType = file.xib; path = AlbumTableViewCell.xib; sourceTree = "<group>"; };
		E8D70DE22D7E55A10053FD0C /* AlbumDetailsViewController.swift */ = {isa = PBXFileReference; lastKnownFileType = sourcecode.swift; path = AlbumDetailsViewController.swift; sourceTree = "<group>"; };
		E8D70DE32D7E55A10053FD0C /* AlbumDetailsViewController.xib */ = {isa = PBXFileReference; lastKnownFileType = file.xib; path = AlbumDetailsViewController.xib; sourceTree = "<group>"; };
		E8D70DE62D7E5A4C0053FD0C /* AlbumDetailsViewController+CollectionView.swift */ = {isa = PBXFileReference; lastKnownFileType = sourcecode.swift; path = "AlbumDetailsViewController+CollectionView.swift"; sourceTree = "<group>"; };
		E8D70DE82D7E5AE70053FD0C /* PhotoCollectionViewCell.swift */ = {isa = PBXFileReference; lastKnownFileType = sourcecode.swift; path = PhotoCollectionViewCell.swift; sourceTree = "<group>"; };
		E8D70DE92D7E5AE70053FD0C /* PhotoCollectionViewCell.xib */ = {isa = PBXFileReference; lastKnownFileType = file.xib; path = PhotoCollectionViewCell.xib; sourceTree = "<group>"; };
		E8D70DEC2D7E5CAD0053FD0C /* AlbumDetailsViewController+SearchBar.swift */ = {isa = PBXFileReference; lastKnownFileType = sourcecode.swift; path = "AlbumDetailsViewController+SearchBar.swift"; sourceTree = "<group>"; };
/* End PBXFileReference section */

/* Begin PBXFrameworksBuildPhase section */
		E8D70DB32D7E3AB00053FD0C /* Frameworks */ = {
			isa = PBXFrameworksBuildPhase;
			buildActionMask = 2147483647;
			files = (
				E8B360442D7F15D100C12407 /* SDWebImage in Frameworks */,
				E8B3603E2D7F090800C12407 /* RxRelay in Frameworks */,
				E8B360392D7F08CE00C12407 /* RxMoya in Frameworks */,
				E8B360352D7F08CE00C12407 /* Moya in Frameworks */,
				E8B3603C2D7F090800C12407 /* RxCocoa in Frameworks */,
				E8B360462D7F15D100C12407 /* SDWebImageMapKit in Frameworks */,
				E8B360372D7F08CE00C12407 /* ReactiveMoya in Frameworks */,
			);
			runOnlyForDeploymentPostprocessing = 0;
		};
/* End PBXFrameworksBuildPhase section */

/* Begin PBXGroup section */
		E8B360102D7EEB0600C12407 /* Model */ = {
			isa = PBXGroup;
			children = (
				E8B360112D7EEB1F00C12407 /* User.swift */,
				E8B360132D7EEB3200C12407 /* Album.swift */,
				E8B360152D7EEB4100C12407 /* Photo.swift */,
			);
			path = Model;
			sourceTree = "<group>";
		};
		E8B360172D7EEB5800C12407 /* ViewModel */ = {
			isa = PBXGroup;
			children = (
				E8B3601B2D7EEB9100C12407 /* AlbumViewModel.swift */,
			);
			path = ViewModel;
			sourceTree = "<group>";
		};
		E8B360182D7EEB5F00C12407 /* ViewModel */ = {
			isa = PBXGroup;
			children = (
				E8B360192D7EEB7200C12407 /* ProfileViewModel.swift */,
			);
			path = ViewModel;
			sourceTree = "<group>";
		};
		E8B3601D2D7EEBDD00C12407 /* Services */ = {
			isa = PBXGroup;
			children = (
				E8B3601E2D7EEC1600C12407 /* Network service */,
			);
			path = Services;
			sourceTree = "<group>";
		};
		E8B3601E2D7EEC1600C12407 /* Network service */ = {
			isa = PBXGroup;
			children = (
				E8B3601F2D7EEC3200C12407 /* APIService.swift */,
				E8B3602A2D7EFC8900C12407 /* APIServiceManager.swift */,
			);
			path = "Network service";
			sourceTree = "<group>";
		};
		E8B360272D7EF4FD00C12407 /* Utility */ = {
			isa = PBXGroup;
			children = (
				E8B360282D7EF51D00C12407 /* APIEndpoints.swift */,
			);
			path = Utility;
			sourceTree = "<group>";
		};
		E8B360472D7F3EC500C12407 /* ImageViewer */ = {
			isa = PBXGroup;
			children = (
				E8B360482D7F3ECE00C12407 /* View */,
			);
			path = ImageViewer;
			sourceTree = "<group>";
		};
		E8B360482D7F3ECE00C12407 /* View */ = {
			isa = PBXGroup;
			children = (
				E8B251AA2D7F78A600FA4115 /* ImageViewerVC.swift */,
				E8B251AB2D7F78A600FA4115 /* ImageViewerVC.xib */,
			);
			path = View;
			sourceTree = "<group>";
		};
		E8D70DAD2D7E3AB00053FD0C = {
			isa = PBXGroup;
			children = (
				E8D70DB82D7E3AB00053FD0C /* BostaTask */,
				E8D70DB72D7E3AB00053FD0C /* Products */,
			);
			sourceTree = "<group>";
		};
		E8D70DB72D7E3AB00053FD0C /* Products */ = {
			isa = PBXGroup;
			children = (
				E8D70DB62D7E3AB00053FD0C /* BostaTask.app */,
			);
			name = Products;
			sourceTree = "<group>";
		};
		E8D70DB82D7E3AB00053FD0C /* BostaTask */ = {
			isa = PBXGroup;
			children = (
				E8B360272D7EF4FD00C12407 /* Utility */,
				E8B3601D2D7EEBDD00C12407 /* Services */,
				E8B360102D7EEB0600C12407 /* Model */,
				E8D70DCD2D7E3E430053FD0C /* Core */,
				E8D70DD12D7E42230053FD0C /* Modules */,
				E8D70DD02D7E3ED70053FD0C /* Configuration */,
				E8D70DCF2D7E3E7D0053FD0C /* Resources */,
			);
			path = BostaTask;
			sourceTree = "<group>";
		};
		E8D70DCD2D7E3E430053FD0C /* Core */ = {
			isa = PBXGroup;
			children = (
				E8D70DB92D7E3AB00053FD0C /* AppDelegate.swift */,
				E8D70DBB2D7E3AB00053FD0C /* SceneDelegate.swift */,
			);
			path = Core;
			sourceTree = "<group>";
		};
		E8D70DCF2D7E3E7D0053FD0C /* Resources */ = {
			isa = PBXGroup;
			children = (
				E8D70DC22D7E3AB10053FD0C /* Assets.xcassets */,
				E8D70DC42D7E3AB10053FD0C /* LaunchScreen.storyboard */,
			);
			path = Resources;
			sourceTree = "<group>";
		};
		E8D70DD02D7E3ED70053FD0C /* Configuration */ = {
			isa = PBXGroup;
			children = (
				E8D70DC72D7E3AB10053FD0C /* Info.plist */,
			);
			path = Configuration;
			sourceTree = "<group>";
		};
		E8D70DD12D7E42230053FD0C /* Modules */ = {
			isa = PBXGroup;
			children = (
				E8B360472D7F3EC500C12407 /* ImageViewer */,
				E8D70DDF2D7E55650053FD0C /* Album Details */,
				E8D70DD22D7E42400053FD0C /* Profile */,
			);
			path = Modules;
			sourceTree = "<group>";
		};
		E8D70DD22D7E42400053FD0C /* Profile */ = {
			isa = PBXGroup;
			children = (
				E8B360182D7EEB5F00C12407 /* ViewModel */,
				E8D70DDA2D7E4D240053FD0C /* Cells */,
				E8D70DD32D7E42510053FD0C /* Views */,
			);
			path = Profile;
			sourceTree = "<group>";
		};
		E8D70DD32D7E42510053FD0C /* Views */ = {
			isa = PBXGroup;
			children = (
				E8D70DD42D7E426D0053FD0C /* ProfileViewController.swift */,
				E8D70DD52D7E426D0053FD0C /* ProfileViewController.xib */,
			);
			path = Views;
			sourceTree = "<group>";
		};
		E8D70DDA2D7E4D240053FD0C /* Cells */ = {
			isa = PBXGroup;
			children = (
				E8D70DDB2D7E4D4B0053FD0C /* AlbumTableViewCell.swift */,
				E8D70DDC2D7E4D4B0053FD0C /* AlbumTableViewCell.xib */,
			);
			path = Cells;
			sourceTree = "<group>";
		};
		E8D70DDF2D7E55650053FD0C /* Album Details */ = {
			isa = PBXGroup;
			children = (
				E8B360172D7EEB5800C12407 /* ViewModel */,
				E8D70DE12D7E55830053FD0C /* Cells */,
				E8D70DE02D7E55790053FD0C /* Views */,
			);
			path = "Album Details";
			sourceTree = "<group>";
		};
		E8D70DE02D7E55790053FD0C /* Views */ = {
			isa = PBXGroup;
			children = (
				E8D70DE22D7E55A10053FD0C /* AlbumDetailsViewController.swift */,
				E8D70DE32D7E55A10053FD0C /* AlbumDetailsViewController.xib */,
				E8D70DE62D7E5A4C0053FD0C /* AlbumDetailsViewController+CollectionView.swift */,
				E8D70DEC2D7E5CAD0053FD0C /* AlbumDetailsViewController+SearchBar.swift */,
			);
			path = Views;
			sourceTree = "<group>";
		};
		E8D70DE12D7E55830053FD0C /* Cells */ = {
			isa = PBXGroup;
			children = (
				E8D70DE82D7E5AE70053FD0C /* PhotoCollectionViewCell.swift */,
				E8D70DE92D7E5AE70053FD0C /* PhotoCollectionViewCell.xib */,
			);
			path = Cells;
			sourceTree = "<group>";
		};
/* End PBXGroup section */

/* Begin PBXNativeTarget section */
		E8D70DB52D7E3AB00053FD0C /* BostaTask */ = {
			isa = PBXNativeTarget;
			buildConfigurationList = E8D70DCA2D7E3AB10053FD0C /* Build configuration list for PBXNativeTarget "BostaTask" */;
			buildPhases = (
				E8D70DB22D7E3AB00053FD0C /* Sources */,
				E8D70DB32D7E3AB00053FD0C /* Frameworks */,
				E8D70DB42D7E3AB00053FD0C /* Resources */,
			);
			buildRules = (
			);
			dependencies = (
			);
			name = BostaTask;
			packageProductDependencies = (
				E8B360342D7F08CE00C12407 /* Moya */,
				E8B360362D7F08CE00C12407 /* ReactiveMoya */,
				E8B360382D7F08CE00C12407 /* RxMoya */,
				E8B3603B2D7F090800C12407 /* RxCocoa */,
				E8B3603D2D7F090800C12407 /* RxRelay */,
				E8B360432D7F15D100C12407 /* SDWebImage */,
				E8B360452D7F15D100C12407 /* SDWebImageMapKit */,
			);
			productName = BostaTask;
			productReference = E8D70DB62D7E3AB00053FD0C /* BostaTask.app */;
			productType = "com.apple.product-type.application";
		};
/* End PBXNativeTarget section */

/* Begin PBXProject section */
		E8D70DAE2D7E3AB00053FD0C /* Project object */ = {
			isa = PBXProject;
			attributes = {
				BuildIndependentTargetsInParallel = 1;
				LastSwiftUpdateCheck = 1540;
				LastUpgradeCheck = 1540;
				TargetAttributes = {
					E8D70DB52D7E3AB00053FD0C = {
						CreatedOnToolsVersion = 15.4;
					};
				};
			};
			buildConfigurationList = E8D70DB12D7E3AB00053FD0C /* Build configuration list for PBXProject "BostaTask" */;
			compatibilityVersion = "Xcode 14.0";
			developmentRegion = en;
			hasScannedForEncodings = 0;
			knownRegions = (
				en,
				Base,
			);
			mainGroup = E8D70DAD2D7E3AB00053FD0C;
			packageReferences = (
				E8B360332D7F08CE00C12407 /* XCRemoteSwiftPackageReference "Moya" */,
				E8B3603A2D7F090800C12407 /* XCRemoteSwiftPackageReference "RxSwift" */,
				E8B360422D7F15D100C12407 /* XCRemoteSwiftPackageReference "SDWebImage" */,
			);
			productRefGroup = E8D70DB72D7E3AB00053FD0C /* Products */;
			projectDirPath = "";
			projectRoot = "";
			targets = (
				E8D70DB52D7E3AB00053FD0C /* BostaTask */,
			);
		};
/* End PBXProject section */

/* Begin PBXResourcesBuildPhase section */
		E8D70DB42D7E3AB00053FD0C /* Resources */ = {
			isa = PBXResourcesBuildPhase;
			buildActionMask = 2147483647;
			files = (
				E8D70DC32D7E3AB10053FD0C /* Assets.xcassets in Resources */,
				E8B251AD2D7F78A600FA4115 /* ImageViewerVC.xib in Resources */,
				E8D70DC62D7E3AB10053FD0C /* Base in Resources */,
				E8D70DD72D7E426D0053FD0C /* ProfileViewController.xib in Resources */,
				E8D70DE52D7E55A10053FD0C /* AlbumDetailsViewController.xib in Resources */,
				E8D70DEB2D7E5AE70053FD0C /* PhotoCollectionViewCell.xib in Resources */,
				E8D70DDE2D7E4D4B0053FD0C /* AlbumTableViewCell.xib in Resources */,
			);
			runOnlyForDeploymentPostprocessing = 0;
		};
/* End PBXResourcesBuildPhase section */

/* Begin PBXSourcesBuildPhase section */
		E8D70DB22D7E3AB00053FD0C /* Sources */ = {
			isa = PBXSourcesBuildPhase;
			buildActionMask = 2147483647;
			files = (
				E8B360162D7EEB4100C12407 /* Photo.swift in Sources */,
				E8B360202D7EEC3200C12407 /* APIService.swift in Sources */,
				E8B3602B2D7EFC8900C12407 /* APIServiceManager.swift in Sources */,
				E8D70DED2D7E5CAD0053FD0C /* AlbumDetailsViewController+SearchBar.swift in Sources */,
				E8D70DE72D7E5A4C0053FD0C /* AlbumDetailsViewController+CollectionView.swift in Sources */,
				E8D70DBA2D7E3AB00053FD0C /* AppDelegate.swift in Sources */,
				E8B3601C2D7EEB9100C12407 /* AlbumViewModel.swift in Sources */,
				E8D70DD62D7E426D0053FD0C /* ProfileViewController.swift in Sources */,
				E8D70DEA2D7E5AE70053FD0C /* PhotoCollectionViewCell.swift in Sources */,
				E8D70DBC2D7E3AB00053FD0C /* SceneDelegate.swift in Sources */,
				E8B251AC2D7F78A600FA4115 /* ImageViewerVC.swift in Sources */,
				E8D70DDD2D7E4D4B0053FD0C /* AlbumTableViewCell.swift in Sources */,
				E8B360292D7EF51D00C12407 /* APIEndpoints.swift in Sources */,
				E8B360142D7EEB3200C12407 /* Album.swift in Sources */,
				E8B3601A2D7EEB7200C12407 /* ProfileViewModel.swift in Sources */,
				E8B360122D7EEB1F00C12407 /* User.swift in Sources */,
				E8D70DE42D7E55A10053FD0C /* AlbumDetailsViewController.swift in Sources */,
			);
			runOnlyForDeploymentPostprocessing = 0;
		};
/* End PBXSourcesBuildPhase section */

/* Begin PBXVariantGroup section */
		E8D70DC42D7E3AB10053FD0C /* LaunchScreen.storyboard */ = {
			isa = PBXVariantGroup;
			children = (
				E8D70DC52D7E3AB10053FD0C /* Base */,
			);
			name = LaunchScreen.storyboard;
			sourceTree = "<group>";
		};
/* End PBXVariantGroup section */

/* Begin XCBuildConfiguration section */
		E8D70DC82D7E3AB10053FD0C /* Debug */ = {
			isa = XCBuildConfiguration;
			buildSettings = {
				ALWAYS_SEARCH_USER_PATHS = NO;
				ASSETCATALOG_COMPILER_GENERATE_SWIFT_ASSET_SYMBOL_EXTENSIONS = YES;
				CLANG_ANALYZER_NONNULL = YES;
				CLANG_ANALYZER_NUMBER_OBJECT_CONVERSION = YES_AGGRESSIVE;
				CLANG_CXX_LANGUAGE_STANDARD = "gnu++20";
				CLANG_ENABLE_MODULES = YES;
				CLANG_ENABLE_OBJC_ARC = YES;
				CLANG_ENABLE_OBJC_WEAK = YES;
				CLANG_WARN_BLOCK_CAPTURE_AUTORELEASING = YES;
				CLANG_WARN_BOOL_CONVERSION = YES;
				CLANG_WARN_COMMA = YES;
				CLANG_WARN_CONSTANT_CONVERSION = YES;
				CLANG_WARN_DEPRECATED_OBJC_IMPLEMENTATIONS = YES;
				CLANG_WARN_DIRECT_OBJC_ISA_USAGE = YES_ERROR;
				CLANG_WARN_DOCUMENTATION_COMMENTS = YES;
				CLANG_WARN_EMPTY_BODY = YES;
				CLANG_WARN_ENUM_CONVERSION = YES;
				CLANG_WARN_INFINITE_RECURSION = YES;
				CLANG_WARN_INT_CONVERSION = YES;
				CLANG_WARN_NON_LITERAL_NULL_CONVERSION = YES;
				CLANG_WARN_OBJC_IMPLICIT_RETAIN_SELF = YES;
				CLANG_WARN_OBJC_LITERAL_CONVERSION = YES;
				CLANG_WARN_OBJC_ROOT_CLASS = YES_ERROR;
				CLANG_WARN_QUOTED_INCLUDE_IN_FRAMEWORK_HEADER = YES;
				CLANG_WARN_RANGE_LOOP_ANALYSIS = YES;
				CLANG_WARN_STRICT_PROTOTYPES = YES;
				CLANG_WARN_SUSPICIOUS_MOVE = YES;
				CLANG_WARN_UNGUARDED_AVAILABILITY = YES_AGGRESSIVE;
				CLANG_WARN_UNREACHABLE_CODE = YES;
				CLANG_WARN__DUPLICATE_METHOD_MATCH = YES;
				COPY_PHASE_STRIP = NO;
				DEBUG_INFORMATION_FORMAT = dwarf;
				ENABLE_STRICT_OBJC_MSGSEND = YES;
				ENABLE_TESTABILITY = YES;
				ENABLE_USER_SCRIPT_SANDBOXING = YES;
				GCC_C_LANGUAGE_STANDARD = gnu17;
				GCC_DYNAMIC_NO_PIC = NO;
				GCC_NO_COMMON_BLOCKS = YES;
				GCC_OPTIMIZATION_LEVEL = 0;
				GCC_PREPROCESSOR_DEFINITIONS = (
					"DEBUG=1",
					"$(inherited)",
				);
				GCC_WARN_64_TO_32_BIT_CONVERSION = YES;
				GCC_WARN_ABOUT_RETURN_TYPE = YES_ERROR;
				GCC_WARN_UNDECLARED_SELECTOR = YES;
				GCC_WARN_UNINITIALIZED_AUTOS = YES_AGGRESSIVE;
				GCC_WARN_UNUSED_FUNCTION = YES;
				GCC_WARN_UNUSED_VARIABLE = YES;
				IPHONEOS_DEPLOYMENT_TARGET = 13.0;
				LOCALIZATION_PREFERS_STRING_CATALOGS = YES;
				MTL_ENABLE_DEBUG_INFO = INCLUDE_SOURCE;
				MTL_FAST_MATH = YES;
				ONLY_ACTIVE_ARCH = YES;
				SDKROOT = iphoneos;
				SWIFT_ACTIVE_COMPILATION_CONDITIONS = "DEBUG $(inherited)";
				SWIFT_OPTIMIZATION_LEVEL = "-Onone";
				SWIFT_VERSION = 5.0;
			};
			name = Debug;
		};
		E8D70DC92D7E3AB10053FD0C /* Release */ = {
			isa = XCBuildConfiguration;
			buildSettings = {
				ALWAYS_SEARCH_USER_PATHS = NO;
				ASSETCATALOG_COMPILER_GENERATE_SWIFT_ASSET_SYMBOL_EXTENSIONS = YES;
				CLANG_ANALYZER_NONNULL = YES;
				CLANG_ANALYZER_NUMBER_OBJECT_CONVERSION = YES_AGGRESSIVE;
				CLANG_CXX_LANGUAGE_STANDARD = "gnu++20";
				CLANG_ENABLE_MODULES = YES;
				CLANG_ENABLE_OBJC_ARC = YES;
				CLANG_ENABLE_OBJC_WEAK = YES;
				CLANG_WARN_BLOCK_CAPTURE_AUTORELEASING = YES;
				CLANG_WARN_BOOL_CONVERSION = YES;
				CLANG_WARN_COMMA = YES;
				CLANG_WARN_CONSTANT_CONVERSION = YES;
				CLANG_WARN_DEPRECATED_OBJC_IMPLEMENTATIONS = YES;
				CLANG_WARN_DIRECT_OBJC_ISA_USAGE = YES_ERROR;
				CLANG_WARN_DOCUMENTATION_COMMENTS = YES;
				CLANG_WARN_EMPTY_BODY = YES;
				CLANG_WARN_ENUM_CONVERSION = YES;
				CLANG_WARN_INFINITE_RECURSION = YES;
				CLANG_WARN_INT_CONVERSION = YES;
				CLANG_WARN_NON_LITERAL_NULL_CONVERSION = YES;
				CLANG_WARN_OBJC_IMPLICIT_RETAIN_SELF = YES;
				CLANG_WARN_OBJC_LITERAL_CONVERSION = YES;
				CLANG_WARN_OBJC_ROOT_CLASS = YES_ERROR;
				CLANG_WARN_QUOTED_INCLUDE_IN_FRAMEWORK_HEADER = YES;
				CLANG_WARN_RANGE_LOOP_ANALYSIS = YES;
				CLANG_WARN_STRICT_PROTOTYPES = YES;
				CLANG_WARN_SUSPICIOUS_MOVE = YES;
				CLANG_WARN_UNGUARDED_AVAILABILITY = YES_AGGRESSIVE;
				CLANG_WARN_UNREACHABLE_CODE = YES;
				CLANG_WARN__DUPLICATE_METHOD_MATCH = YES;
				COPY_PHASE_STRIP = NO;
				DEBUG_INFORMATION_FORMAT = "dwarf-with-dsym";
				ENABLE_NS_ASSERTIONS = NO;
				ENABLE_STRICT_OBJC_MSGSEND = YES;
				ENABLE_USER_SCRIPT_SANDBOXING = YES;
				GCC_C_LANGUAGE_STANDARD = gnu17;
				GCC_NO_COMMON_BLOCKS = YES;
				GCC_WARN_64_TO_32_BIT_CONVERSION = YES;
				GCC_WARN_ABOUT_RETURN_TYPE = YES_ERROR;
				GCC_WARN_UNDECLARED_SELECTOR = YES;
				GCC_WARN_UNINITIALIZED_AUTOS = YES_AGGRESSIVE;
				GCC_WARN_UNUSED_FUNCTION = YES;
				GCC_WARN_UNUSED_VARIABLE = YES;
				IPHONEOS_DEPLOYMENT_TARGET = 13.0;
				LOCALIZATION_PREFERS_STRING_CATALOGS = YES;
				MTL_ENABLE_DEBUG_INFO = NO;
				MTL_FAST_MATH = YES;
				SDKROOT = iphoneos;
				SWIFT_COMPILATION_MODE = wholemodule;
				SWIFT_VERSION = 5.0;
				VALIDATE_PRODUCT = YES;
			};
			name = Release;
		};
		E8D70DCB2D7E3AB10053FD0C /* Debug */ = {
			isa = XCBuildConfiguration;
			buildSettings = {
				ASSETCATALOG_COMPILER_APPICON_NAME = AppIcon;
				ASSETCATALOG_COMPILER_GLOBAL_ACCENT_COLOR_NAME = AccentColor;
				CODE_SIGN_STYLE = Automatic;
				CURRENT_PROJECT_VERSION = 1;
				GENERATE_INFOPLIST_FILE = YES;
				INFOPLIST_FILE = BostaTask/Configuration/Info.plist;
				INFOPLIST_KEY_UIApplicationSupportsIndirectInputEvents = YES;
				INFOPLIST_KEY_UILaunchStoryboardName = LaunchScreen;
				INFOPLIST_KEY_UISupportedInterfaceOrientations_iPad = "UIInterfaceOrientationPortrait UIInterfaceOrientationPortraitUpsideDown UIInterfaceOrientationLandscapeLeft UIInterfaceOrientationLandscapeRight";
				INFOPLIST_KEY_UISupportedInterfaceOrientations_iPhone = "UIInterfaceOrientationPortrait UIInterfaceOrientationLandscapeLeft UIInterfaceOrientationLandscapeRight";
				LD_RUNPATH_SEARCH_PATHS = (
					"$(inherited)",
					"@executable_path/Frameworks",
				);
				MARKETING_VERSION = 1.0;
				PRODUCT_BUNDLE_IDENTIFIER = com.aya.BostaTask;
				PRODUCT_NAME = "$(TARGET_NAME)";
				SWIFT_EMIT_LOC_STRINGS = YES;
				SWIFT_VERSION = 5.0;
				TARGETED_DEVICE_FAMILY = "1,2";
			};
			name = Debug;
		};
		E8D70DCC2D7E3AB10053FD0C /* Release */ = {
			isa = XCBuildConfiguration;
			buildSettings = {
				ASSETCATALOG_COMPILER_APPICON_NAME = AppIcon;
				ASSETCATALOG_COMPILER_GLOBAL_ACCENT_COLOR_NAME = AccentColor;
				CODE_SIGN_STYLE = Automatic;
				CURRENT_PROJECT_VERSION = 1;
				GENERATE_INFOPLIST_FILE = YES;
				INFOPLIST_FILE = BostaTask/Configuration/Info.plist;
				INFOPLIST_KEY_UIApplicationSupportsIndirectInputEvents = YES;
				INFOPLIST_KEY_UILaunchStoryboardName = LaunchScreen;
				INFOPLIST_KEY_UISupportedInterfaceOrientations_iPad = "UIInterfaceOrientationPortrait UIInterfaceOrientationPortraitUpsideDown UIInterfaceOrientationLandscapeLeft UIInterfaceOrientationLandscapeRight";
				INFOPLIST_KEY_UISupportedInterfaceOrientations_iPhone = "UIInterfaceOrientationPortrait UIInterfaceOrientationLandscapeLeft UIInterfaceOrientationLandscapeRight";
				LD_RUNPATH_SEARCH_PATHS = (
					"$(inherited)",
					"@executable_path/Frameworks",
				);
				MARKETING_VERSION = 1.0;
				PRODUCT_BUNDLE_IDENTIFIER = com.aya.BostaTask;
				PRODUCT_NAME = "$(TARGET_NAME)";
				SWIFT_EMIT_LOC_STRINGS = YES;
				SWIFT_VERSION = 5.0;
				TARGETED_DEVICE_FAMILY = "1,2";
			};
			name = Release;
		};
/* End XCBuildConfiguration section */

/* Begin XCConfigurationList section */
		E8D70DB12D7E3AB00053FD0C /* Build configuration list for PBXProject "BostaTask" */ = {
			isa = XCConfigurationList;
			buildConfigurations = (
				E8D70DC82D7E3AB10053FD0C /* Debug */,
				E8D70DC92D7E3AB10053FD0C /* Release */,
			);
			defaultConfigurationIsVisible = 0;
			defaultConfigurationName = Release;
		};
		E8D70DCA2D7E3AB10053FD0C /* Build configuration list for PBXNativeTarget "BostaTask" */ = {
			isa = XCConfigurationList;
			buildConfigurations = (
				E8D70DCB2D7E3AB10053FD0C /* Debug */,
				E8D70DCC2D7E3AB10053FD0C /* Release */,
			);
			defaultConfigurationIsVisible = 0;
			defaultConfigurationName = Release;
		};
/* End XCConfigurationList section */

/* Begin XCRemoteSwiftPackageReference section */
		E8B360332D7F08CE00C12407 /* XCRemoteSwiftPackageReference "Moya" */ = {
			isa = XCRemoteSwiftPackageReference;
			repositoryURL = "https://github.com/Moya/Moya";
			requirement = {
				kind = upToNextMajorVersion;
				minimumVersion = 15.0.3;
			};
		};
		E8B3603A2D7F090800C12407 /* XCRemoteSwiftPackageReference "RxSwift" */ = {
			isa = XCRemoteSwiftPackageReference;
			repositoryURL = "https://github.com/ReactiveX/RxSwift";
			requirement = {
				kind = upToNextMajorVersion;
				minimumVersion = 6.9.0;
			};
		};
		E8B360422D7F15D100C12407 /* XCRemoteSwiftPackageReference "SDWebImage" */ = {
			isa = XCRemoteSwiftPackageReference;
			repositoryURL = "https://github.com/SDWebImage/SDWebImage.git";
			requirement = {
				kind = upToNextMajorVersion;
				minimumVersion = 5.21.0;
			};
		};
/* End XCRemoteSwiftPackageReference section */

/* Begin XCSwiftPackageProductDependency section */
		E8B360342D7F08CE00C12407 /* Moya */ = {
			isa = XCSwiftPackageProductDependency;
			package = E8B360332D7F08CE00C12407 /* XCRemoteSwiftPackageReference "Moya" */;
			productName = Moya;
		};
		E8B360362D7F08CE00C12407 /* ReactiveMoya */ = {
			isa = XCSwiftPackageProductDependency;
			package = E8B360332D7F08CE00C12407 /* XCRemoteSwiftPackageReference "Moya" */;
			productName = ReactiveMoya;
		};
		E8B360382D7F08CE00C12407 /* RxMoya */ = {
			isa = XCSwiftPackageProductDependency;
			package = E8B360332D7F08CE00C12407 /* XCRemoteSwiftPackageReference "Moya" */;
			productName = RxMoya;
		};
		E8B3603B2D7F090800C12407 /* RxCocoa */ = {
			isa = XCSwiftPackageProductDependency;
			package = E8B3603A2D7F090800C12407 /* XCRemoteSwiftPackageReference "RxSwift" */;
			productName = RxCocoa;
		};
		E8B3603D2D7F090800C12407 /* RxRelay */ = {
			isa = XCSwiftPackageProductDependency;
			package = E8B3603A2D7F090800C12407 /* XCRemoteSwiftPackageReference "RxSwift" */;
			productName = RxRelay;
		};
		E8B360432D7F15D100C12407 /* SDWebImage */ = {
			isa = XCSwiftPackageProductDependency;
			package = E8B360422D7F15D100C12407 /* XCRemoteSwiftPackageReference "SDWebImage" */;
			productName = SDWebImage;
		};
		E8B360452D7F15D100C12407 /* SDWebImageMapKit */ = {
			isa = XCSwiftPackageProductDependency;
			package = E8B360422D7F15D100C12407 /* XCRemoteSwiftPackageReference "SDWebImage" */;
			productName = SDWebImageMapKit;
		};
/* End XCSwiftPackageProductDependency section */
	};
	rootObject = E8D70DAE2D7E3AB00053FD0C /* Project object */;
}
